{
  "name": "projektwahl-server",
  "version": "0.0.1",
  "lockfileVersion": 2,
  "requires": true,
  "packages": {
    "": {
      "name": "projektwahl-server",
      "version": "0.0.1",
      "license": "AGPL-3.0-or-later",
      "dependencies": {
        "@dev.mohe/indexeddb": "^0.0.3"
      },
      "devDependencies": {
        "@types/node": "^14.14.2",
        "typescript": "^4.0.3"
      }
    },
    "node_modules/@dev.mohe/indexeddb": {
      "version": "0.0.3",
      "license": "AGPL-3.0-or-later",
      "dependencies": {
        "mongodb": "^3.6.2",
        "ts-node": "^9.0.0"
      },
      "optionalDependencies": {
        "mongodb": "^3.6.2"
      }
    },
    "node_modules/@types/node": {
      "version": "14.14.2",
      "dev": true,
      "license": "MIT"
    },
    "node_modules/arg": {
      "version": "4.1.3",
      "license": "MIT"
    },
    "node_modules/bl": {
      "version": "2.2.1",
      "license": "MIT",
      "optional": true,
      "dependencies": {
        "readable-stream": "^2.3.5",
        "safe-buffer": "^5.1.1"
      }
    },
    "node_modules/bl/node_modules/safe-buffer": {
      "version": "5.2.1",
      "funding": [
        {
          "type": "github",
          "url": "https://github.com/sponsors/feross"
        },
        {
          "type": "patreon",
          "url": "https://www.patreon.com/feross"
        },
        {
          "type": "consulting",
          "url": "https://feross.org/support"
        }
      ],
      "license": "MIT",
      "optional": true
    },
    "node_modules/bson": {
      "version": "1.1.5",
      "license": "Apache-2.0",
      "optional": true,
      "engines": {
        "node": ">=0.6.19"
      }
    },
    "node_modules/buffer-from": {
      "version": "1.1.1",
      "license": "MIT"
    },
    "node_modules/core-util-is": {
      "version": "1.0.2",
      "license": "MIT",
      "optional": true
    },
    "node_modules/denque": {
      "version": "1.4.1",
      "license": "Apache-2.0",
      "optional": true,
      "engines": {
        "node": ">=0.10"
      }
    },
    "node_modules/diff": {
      "version": "4.0.2",
      "license": "BSD-3-Clause",
      "engines": {
        "node": ">=0.3.1"
      }
    },
    "node_modules/inherits": {
      "version": "2.0.4",
      "license": "ISC",
      "optional": true
    },
    "node_modules/isarray": {
      "version": "1.0.0",
      "license": "MIT",
      "optional": true
    },
    "node_modules/make-error": {
      "version": "1.3.6",
      "license": "ISC"
    },
    "node_modules/memory-pager": {
      "version": "1.5.0",
      "license": "MIT",
      "optional": true
    },
    "node_modules/mongodb": {
      "version": "3.6.2",
      "license": "Apache-2.0",
      "optional": true,
      "dependencies": {
        "bl": "^2.2.1",
        "bson": "^1.1.4",
        "denque": "^1.4.1",
        "require_optional": "^1.0.1",
        "safe-buffer": "^5.1.2",
        "saslprep": "^1.0.0"
      },
      "engines": {
        "node": ">=4"
      },
      "optionalDependencies": {
        "saslprep": "^1.0.0"
      }
    },
    "node_modules/mongodb/node_modules/safe-buffer": {
      "version": "5.2.1",
      "funding": [
        {
          "type": "github",
          "url": "https://github.com/sponsors/feross"
        },
        {
          "type": "patreon",
          "url": "https://www.patreon.com/feross"
        },
        {
          "type": "consulting",
          "url": "https://feross.org/support"
        }
      ],
      "license": "MIT",
      "optional": true
    },
    "node_modules/process-nextick-args": {
      "version": "2.0.1",
      "license": "MIT",
      "optional": true
    },
    "node_modules/readable-stream": {
      "version": "2.3.7",
      "license": "MIT",
      "optional": true,
      "dependencies": {
        "core-util-is": "~1.0.0",
        "inherits": "~2.0.3",
        "isarray": "~1.0.0",
        "process-nextick-args": "~2.0.0",
        "safe-buffer": "~5.1.1",
        "string_decoder": "~1.1.1",
        "util-deprecate": "~1.0.1"
      }
    },
    "node_modules/require_optional": {
      "version": "1.0.1",
      "license": "Apache-2.0",
      "optional": true,
      "dependencies": {
        "resolve-from": "^2.0.0",
        "semver": "^5.1.0"
      }
    },
    "node_modules/resolve-from": {
      "version": "2.0.0",
      "license": "MIT",
      "optional": true,
      "engines": {
        "node": ">=0.10.0"
      }
    },
    "node_modules/safe-buffer": {
      "version": "5.1.2",
      "license": "MIT",
      "optional": true
    },
    "node_modules/saslprep": {
      "version": "1.0.3",
      "license": "MIT",
      "optional": true,
      "dependencies": {
        "sparse-bitfield": "^3.0.3"
      },
      "engines": {
        "node": ">=6"
      }
    },
    "node_modules/semver": {
      "version": "5.7.1",
      "license": "ISC",
      "optional": true,
      "bin": {
        "semver": "bin/semver"
      }
    },
    "node_modules/source-map": {
      "version": "0.6.1",
      "license": "BSD-3-Clause",
      "engines": {
        "node": ">=0.10.0"
      }
    },
    "node_modules/source-map-support": {
      "version": "0.5.19",
      "license": "MIT",
      "dependencies": {
        "buffer-from": "^1.0.0",
        "source-map": "^0.6.0"
      }
    },
    "node_modules/sparse-bitfield": {
      "version": "3.0.3",
      "license": "MIT",
      "optional": true,
      "dependencies": {
        "memory-pager": "^1.0.2"
      }
    },
    "node_modules/string_decoder": {
      "version": "1.1.1",
      "license": "MIT",
      "optional": true,
      "dependencies": {
        "safe-buffer": "~5.1.0"
      }
    },
    "node_modules/ts-node": {
      "version": "9.0.0",
      "license": "MIT",
      "dependencies": {
        "arg": "^4.1.0",
        "diff": "^4.0.1",
        "make-error": "^1.1.1",
        "source-map-support": "^0.5.17",
        "yn": "3.1.1"
      },
      "bin": {
        "ts-node": "dist/bin.js",
        "ts-node-script": "dist/bin-script.js",
        "ts-node-transpile-only": "dist/bin-transpile.js",
        "ts-script": "dist/bin-script-deprecated.js"
      },
      "engines": {
        "node": ">=10.0.0"
      },
      "peerDependencies": {
        "typescript": ">=2.7"
      }
    },
    "node_modules/typescript": {
      "version": "4.0.3",
      "license": "Apache-2.0",
      "bin": {
        "tsc": "bin/tsc",
        "tsserver": "bin/tsserver"
      },
      "engines": {
        "node": ">=4.2.0"
      }
    },
    "node_modules/util-deprecate": {
      "version": "1.0.2",
      "license": "MIT",
      "optional": true
    },
    "node_modules/yn": {
      "version": "3.1.1",
      "license": "MIT",
      "engines": {
        "node": ">=6"
      }
    }
  },
  "dependencies": {
    "@dev.mohe/indexeddb": {
      "version": "0.0.3",
      "requires": {
        "mongodb": "^3.6.2",
        "ts-node": "^9.0.0"
      }
    },
    "@types/node": {
      "version": "14.14.2",
      "dev": true
    },
    "arg": {
      "version": "4.1.3"
    },
    "bl": {
      "version": "2.2.1",
      "optional": true,
      "requires": {
        "readable-stream": "^2.3.5",
        "safe-buffer": "^5.1.1"
      },
      "dependencies": {
        "safe-buffer": {
          "version": "5.2.1",
          "optional": true
        }
      }
    },
    "bson": {
      "version": "1.1.5",
      "optional": true
    },
    "buffer-from": {
      "version": "1.1.1"
    },
    "core-util-is": {
      "version": "1.0.2",
      "optional": true
    },
    "denque": {
      "version": "1.4.1",
      "optional": true
    },
    "diff": {
      "version": "4.0.2"
    },
    "inherits": {
      "version": "2.0.4",
      "optional": true
    },
    "isarray": {
      "version": "1.0.0",
      "optional": true
    },
    "make-error": {
      "version": "1.3.6"
    },
    "memory-pager": {
      "version": "1.5.0",
      "optional": true
    },
    "mongodb": {
      "version": "3.6.2",
      "optional": true,
      "requires": {
        "bl": "^2.2.1",
        "bson": "^1.1.4",
        "denque": "^1.4.1",
        "require_optional": "^1.0.1",
        "safe-buffer": "^5.1.2",
        "saslprep": "^1.0.0"
      },
      "dependencies": {
        "safe-buffer": {
          "version": "5.2.1",
          "optional": true
        }
      }
    },
    "process-nextick-args": {
      "version": "2.0.1",
      "optional": true
    },
    "readable-stream": {
      "version": "2.3.7",
      "optional": true,
      "requires": {
        "core-util-is": "~1.0.0",
        "inherits": "~2.0.3",
        "isarray": "~1.0.0",
        "process-nextick-args": "~2.0.0",
        "safe-buffer": "~5.1.1",
        "string_decoder": "~1.1.1",
        "util-deprecate": "~1.0.1"
      }
    },
    "require_optional": {
      "version": "1.0.1",
      "optional": true,
      "requires": {
        "resolve-from": "^2.0.0",
        "semver": "^5.1.0"
      }
    },
    "resolve-from": {
      "version": "2.0.0",
      "optional": true
    },
    "safe-buffer": {
      "version": "5.1.2",
      "optional": true
    },
    "saslprep": {
      "version": "1.0.3",
      "optional": true,
      "requires": {
        "sparse-bitfield": "^3.0.3"
      }
    },
    "semver": {
      "version": "5.7.1",
      "optional": true
    },
    "source-map": {
      "version": "0.6.1"
    },
    "source-map-support": {
      "version": "0.5.19",
      "requires": {
        "buffer-from": "^1.0.0",
        "source-map": "^0.6.0"
      }
    },
    "sparse-bitfield": {
      "version": "3.0.3",
      "optional": true,
      "requires": {
        "memory-pager": "^1.0.2"
      }
    },
    "string_decoder": {
      "version": "1.1.1",
      "optional": true,
      "requires": {
        "safe-buffer": "~5.1.0"
      }
    },
    "ts-node": {
      "version": "9.0.0",
      "requires": {
        "arg": "^4.1.0",
        "diff": "^4.0.1",
        "make-error": "^1.1.1",
        "source-map-support": "^0.5.17",
        "yn": "3.1.1"
      }
    },
    "typescript": {
      "version": "4.0.3"
    },
    "util-deprecate": {
      "version": "1.0.2",
      "optional": true
    },
    "yn": {
      "version": "3.1.1"
    }
  }
}
