{
  "name": "projektwahl-server",
  "version": "0.0.1",
  "lockfileVersion": 2,
  "requires": true,
  "packages": {
    "": {
      "name": "projektwahl-server",
      "version": "0.0.1",
      "license": "AGPL-3.0-or-later",
      "devDependencies": {
        "@dev.mohe/node": "^15.0.0",
        "typescript": "^4.0.3"
      }
    },
    "node_modules/@dev.mohe/node": {
      "version": "15.0.0",
      "resolved": "https://registry.npmjs.org/@dev.mohe/node/-/node-15.0.0.tgz",
      "integrity": "sha512-IF5i4SSrkBvJG9HKbkCCtPCZ4mEb4s79ec+7qSQDx9pRw/6C/lBF+Yo38d7gW/DhSU3r1mA6Xhxc4AHcxnRqDw==",
      "dev": true
    },
    "node_modules/typescript": {
      "version": "4.0.3",
      "resolved": "https://registry.npmjs.org/typescript/-/typescript-4.0.3.tgz",
      "integrity": "sha512-tEu6DGxGgRJPb/mVPIZ48e69xCn2yRmCgYmDugAVwmJ6o+0u1RI18eO7E7WBTLYLaEVVOhwQmcdhQHweux/WPg==",
      "dev": true,
      "bin": {
        "tsc": "bin/tsc",
        "tsserver": "bin/tsserver"
      },
      "engines": {
        "node": ">=4.2.0"
      }
    }
  },
  "dependencies": {
    "@dev.mohe/node": {
      "version": "15.0.0",
      "resolved": "https://registry.npmjs.org/@dev.mohe/node/-/node-15.0.0.tgz",
      "integrity": "sha512-IF5i4SSrkBvJG9HKbkCCtPCZ4mEb4s79ec+7qSQDx9pRw/6C/lBF+Yo38d7gW/DhSU3r1mA6Xhxc4AHcxnRqDw==",
      "dev": true
    },
    "typescript": {
      "version": "4.0.3",
      "resolved": "https://registry.npmjs.org/typescript/-/typescript-4.0.3.tgz",
      "integrity": "sha512-tEu6DGxGgRJPb/mVPIZ48e69xCn2yRmCgYmDugAVwmJ6o+0u1RI18eO7E7WBTLYLaEVVOhwQmcdhQHweux/WPg==",
      "dev": true
    }
  }
}
