{
  "name": "@dev.mohe/projektwahl-lib",
  "version": "0.0.1",
  "lockfileVersion": 2,
  "requires": true,
  "packages": {
    "": {
      "name": "@dev.mohe/projektwahl-lib",
      "version": "0.0.1",
      "license": "AGPL-3.0-or-later",
      "dependencies": {
        "@dev.mohe/indexeddb": "file:../../indexeddb"
      },
      "devDependencies": {
        "typescript": "^4.2.0-dev.20201227"
      }
    },
    "../../indexeddb": {
      "version": "0.0.5",
      "license": "AGPL-3.0-or-later",
      "dependencies": {
        "postgres": "^2.0.0-beta.2"
      },
      "devDependencies": {
        "@snowpack/plugin-typescript": "^1.1.1",
        "@types/node": "^14.14.16",
        "@typescript-eslint/eslint-plugin": "^4.11.0",
        "@typescript-eslint/parser": "^4.11.0",
        "eslint": "^7.16.0",
        "prettier": "^2.2.1",
        "snowpack": "^3.0.0-rc.2",
        "typescript": "^4.2.0-dev.20201223",
        "vite": "^1.0.0-rc.13"
      },
      "optionalDependencies": {
        "postgres": "^2.0.0-beta.2"
      }
    },
    "node_modules/@dev.mohe/indexeddb": {
      "resolved": "../../indexeddb",
      "link": true
    },
    "node_modules/typescript": {
      "version": "4.2.0-dev.20201229",
      "resolved": "https://registry.npmjs.org/typescript/-/typescript-4.2.0-dev.20201229.tgz",
      "integrity": "sha512-LbUYLWEV1RrduLTYuUaduTT0HXqdJ4jbs2rdUzwFFIEPdRsnRbWCCdSV0OgA7b9O6n3dwMP7VLqoBnqUd/RByw==",
      "dev": true,
      "bin": {
        "tsc": "bin/tsc",
        "tsserver": "bin/tsserver"
      },
      "engines": {
        "node": ">=4.2.0"
      }
    }
  },
  "dependencies": {
    "@dev.mohe/indexeddb": {
      "version": "file:../../indexeddb",
      "requires": {
        "@snowpack/plugin-typescript": "^1.1.1",
        "@types/node": "^14.14.16",
        "@typescript-eslint/eslint-plugin": "^4.11.0",
        "@typescript-eslint/parser": "^4.11.0",
        "eslint": "^7.16.0",
        "postgres": "^2.0.0-beta.2",
        "prettier": "^2.2.1",
        "snowpack": "^3.0.0-rc.2",
        "typescript": "^4.2.0-dev.20201223",
        "vite": "^1.0.0-rc.13"
      }
    },
    "typescript": {
      "version": "4.2.0-dev.20201229",
      "resolved": "https://registry.npmjs.org/typescript/-/typescript-4.2.0-dev.20201229.tgz",
      "integrity": "sha512-LbUYLWEV1RrduLTYuUaduTT0HXqdJ4jbs2rdUzwFFIEPdRsnRbWCCdSV0OgA7b9O6n3dwMP7VLqoBnqUd/RByw==",
      "dev": true
    }
  }
}
